
Microsoft Visual Studio Solution File, Format Version 12.00
# Visual Studio 15
VisualStudioVersion = 15.0.28307.271
MinimumVisualStudioVersion = 10.0.40219.1
Project("{FAE04EC0-301F-11D3-BF4B-00C04F79EFBC}") = "chess1", "chess1\chess1.csproj", "{B74EEC42-2787-4B1F-A33F-5AD84EA747D6}"
EndProject
Global
	GlobalSection(SolutionConfigurationPlatforms) = preSolution
		Debug|Any CPU = Debug|Any CPU
		Release|Any CPU = Release|Any CPU
	EndGlobalSection
	GlobalSection(ProjectConfigurationPlatforms) = postSolution
		{B74EEC42-2787-4B1F-A33F-5AD84EA747D6}.Debug|Any CPU.ActiveCfg = Debug|Any CPU
		{B74EEC42-2787-4B1F-A33F-5AD84EA747D6}.Debug|Any CPU.Build.0 = Debug|Any CPU
		{B74EEC42-2787-4B1F-A33F-5AD84EA747D6}.Release|Any CPU.ActiveCfg = Release|Any CPU
		{B74EEC42-2787-4B1F-A33F-5AD84EA747D6}.Release|Any CPU.Build.0 = Release|Any CPU
	EndGlobalSection
	GlobalSection(SolutionProperties) = preSolution
		HideSolutionNode = FALSE
	EndGlobalSection
	GlobalSection(ExtensibilityGlobals) = postSolution
		SolutionGuid = {6F170704-8E3E-413C-8107-AB560AB3BACE}
	EndGlobalSection
EndGlobal
